Microsoft Visual Studio Solution File, Format Version 12.00
# Visual Studio 2012
Project("{FAE04EC0-301F-11D3-BF4B-00C04F79EFBC}") = "Tavern IDE", "Tavern IDE.csproj", "{F027691C-8A3B-48B7-BE5D-07D6EF1298EF}"
EndProject
Project("{FAE04EC0-301F-11D3-BF4B-00C04F79EFBC}") = "GuildScript", "GuildScript\GuildScript.csproj", "{D64501FA-8A3F-4A89-A571-EF6326B1967F}"
EndProject
Project("{FAE04EC0-301F-11D3-BF4B-00C04F79EFBC}") = "Glint", "Glint\Glint.csproj", "{C0C1F084-39D9-45E4-B8AB-4D39DA5975CC}"
EndProject
Global
	GlobalSection(SolutionConfigurationPlatforms) = preSolution
	Debug|Any CPU = Debug|Any CPU
	ExportDebug|Any CPU = ExportDebug|Any CPU
	ExportRelease|Any CPU = ExportRelease|Any CPU
	EndGlobalSection
	GlobalSection(ProjectConfigurationPlatforms) = postSolution
		{F027691C-8A3B-48B7-BE5D-07D6EF1298EF}.Debug|Any CPU.ActiveCfg = Debug|Any CPU
		{F027691C-8A3B-48B7-BE5D-07D6EF1298EF}.Debug|Any CPU.Build.0 = Debug|Any CPU
		{F027691C-8A3B-48B7-BE5D-07D6EF1298EF}.ExportDebug|Any CPU.ActiveCfg = ExportDebug|Any CPU
		{F027691C-8A3B-48B7-BE5D-07D6EF1298EF}.ExportDebug|Any CPU.Build.0 = ExportDebug|Any CPU
		{F027691C-8A3B-48B7-BE5D-07D6EF1298EF}.ExportRelease|Any CPU.ActiveCfg = ExportRelease|Any CPU
		{F027691C-8A3B-48B7-BE5D-07D6EF1298EF}.ExportRelease|Any CPU.Build.0 = ExportRelease|Any CPU
		{D64501FA-8A3F-4A89-A571-EF6326B1967F}.Debug|Any CPU.ActiveCfg = Debug|Any CPU
		{D64501FA-8A3F-4A89-A571-EF6326B1967F}.Debug|Any CPU.Build.0 = Debug|Any CPU
		{D64501FA-8A3F-4A89-A571-EF6326B1967F}.ExportDebug|Any CPU.ActiveCfg = Debug|Any CPU
		{D64501FA-8A3F-4A89-A571-EF6326B1967F}.ExportDebug|Any CPU.Build.0 = Debug|Any CPU
		{D64501FA-8A3F-4A89-A571-EF6326B1967F}.ExportRelease|Any CPU.ActiveCfg = Debug|Any CPU
		{D64501FA-8A3F-4A89-A571-EF6326B1967F}.ExportRelease|Any CPU.Build.0 = Debug|Any CPU
		{C0C1F084-39D9-45E4-B8AB-4D39DA5975CC}.Debug|Any CPU.ActiveCfg = Debug|Any CPU
		{C0C1F084-39D9-45E4-B8AB-4D39DA5975CC}.Debug|Any CPU.Build.0 = Debug|Any CPU
		{C0C1F084-39D9-45E4-B8AB-4D39DA5975CC}.ExportDebug|Any CPU.ActiveCfg = Debug|Any CPU
		{C0C1F084-39D9-45E4-B8AB-4D39DA5975CC}.ExportDebug|Any CPU.Build.0 = Debug|Any CPU
		{C0C1F084-39D9-45E4-B8AB-4D39DA5975CC}.ExportRelease|Any CPU.ActiveCfg = Debug|Any CPU
		{C0C1F084-39D9-45E4-B8AB-4D39DA5975CC}.ExportRelease|Any CPU.Build.0 = Debug|Any CPU
	EndGlobalSection
EndGlobal
